<?xml version="1.0" encoding="utf-8"?>
<Project ToolsVersion="4.0" xmlns="http://schemas.microsoft.com/developer/msbuild/2003">
 <ItemGroup>
  <Filter Include="01 - DLL Entry"><UniqueIdentifier>{aaaaaaaa-aaaa-aaaa-aaaa-aaaaaaaaaaaa}</UniqueIdentifier></Filter>
  <Filter Include="02 - Engine Core"><UniqueIdentifier>{bbbbbbbb-bbbb-bbbb-bbbb-bbbbbbbbbbbb}</UniqueIdentifier></Filter>
  <Filter Include="03 - File Analysis"><UniqueIdentifier>{cccccccc-cccc-cccc-cccc-cccccccccccc}</UniqueIdentifier></Filter>
  <Filter Include="04 - Shared API"><UniqueIdentifier>{dddddddd-dddd-dddd-dddd-dddddddddddd}</UniqueIdentifier></Filter>
  <Filter Include="05 - PE"><UniqueIdentifier>{abababab-abab-abab-abab-abababababab}</UniqueIdentifier></Filter>
 </ItemGroup>
 <ItemGroup>
  <ClCompile Include="DllEntry\dllmain.cpp"><Filter>01 - DLL Entry</Filter></ClCompile>
  <ClCompile Include="Core\Engine.cpp"><Filter>02 - Engine Core</Filter></ClCompile>
  <ClCompile Include="Analysis\FileAnalyzer.cpp"><Filter>03 - File Analysis</Filter></ClCompile>
  <ClCompile Include="PE\PeReader.cpp"><Filter>05 - PE</Filter></ClCompile>
  <ClCompile Include="PE\PeAnalyzer.cpp"><Filter>05 - PE</Filter></ClCompile>
  <ClCompile Include="PE\PeRuleEvaluator.cpp"><Filter>05 - PE</Filter></ClCompile>
  <ClCompile Include="PE\Authenticode.cpp"><Filter>05 - PE</Filter></ClCompile>
 </ItemGroup>
 <ItemGroup>
  <ClInclude Include="Analysis\FileAnalyzer.h"><Filter>03 - File Analysis</Filter></ClInclude>
  <ClInclude Include="..\Common\Api\EngineApi.h"><Filter>04 - Shared API</Filter></ClInclude>
  <ClInclude Include="PE\PeTypes.h"><Filter>05 - PE</Filter></ClInclude>
  <ClInclude Include="PE\PeReader.h"><Filter>05 - PE</Filter></ClInclude>
  <ClInclude Include="PE\PeAnalyzer.h"><Filter>05 - PE</Filter></ClInclude>
  <ClInclude Include="PE\PeRuleEvaluator.h"><Filter>05 - PE</Filter></ClInclude>
  <ClInclude Include="PE\Authenticode.h"><Filter>05 - PE</Filter></ClInclude>
 </ItemGroup>
 <ItemGroup><None Include="DllEntry\ScanEngine.def"><Filter>01 - DLL Entry</Filter></None></ItemGroup>
</Project>
